
Microsoft Visual Studio Solution File, Format Version 12.00
# Visual Studio Version 17
VisualStudioVersion = 17.1.32414.318
MinimumVisualStudioVersion = 10.0.40219.1
Project("{9A19103F-16F7-4668-BE54-9A1E7A4F7556}") = "PackingSystemWorkerService", "PackingSystemWorkerService\PackingSystemWorkerService.csproj", "{BA9EB911-0CB4-4893-9BB0-1083DE3172C5}"
EndProject
Project("{FAE04EC0-301F-11D3-BF4B-00C04F79EFBC}") = "PackingSystemConsoleListener", "PackingSystemConsoleListener\PackingSystemConsoleListener.csproj", "{5A963AE7-F8C7-4CA3-958A-ACE7B1B4BB5C}"
EndProject
Global
	GlobalSection(SolutionConfigurationPlatforms) = preSolution
		Debug|Any CPU = Debug|Any CPU
		Release|Any CPU = Release|Any CPU
	EndGlobalSection
	GlobalSection(ProjectConfigurationPlatforms) = postSolution
		{BA9EB911-0CB4-4893-9BB0-1083DE3172C5}.Debug|Any CPU.ActiveCfg = Debug|Any CPU
		{BA9EB911-0CB4-4893-9BB0-1083DE3172C5}.Debug|Any CPU.Build.0 = Debug|Any CPU
		{BA9EB911-0CB4-4893-9BB0-1083DE3172C5}.Release|Any CPU.ActiveCfg = Release|Any CPU
		{BA9EB911-0CB4-4893-9BB0-1083DE3172C5}.Release|Any CPU.Build.0 = Release|Any CPU
		{5A963AE7-F8C7-4CA3-958A-ACE7B1B4BB5C}.Debug|Any CPU.ActiveCfg = Debug|Any CPU
		{5A963AE7-F8C7-4CA3-958A-ACE7B1B4BB5C}.Debug|Any CPU.Build.0 = Debug|Any CPU
		{5A963AE7-F8C7-4CA3-958A-ACE7B1B4BB5C}.Release|Any CPU.ActiveCfg = Release|Any CPU
		{5A963AE7-F8C7-4CA3-958A-ACE7B1B4BB5C}.Release|Any CPU.Build.0 = Release|Any CPU
	EndGlobalSection
	GlobalSection(SolutionProperties) = preSolution
		HideSolutionNode = FALSE
	EndGlobalSection
	GlobalSection(ExtensibilityGlobals) = postSolution
		SolutionGuid = {BA685206-C518-491C-B06D-2A14B271A923}
	EndGlobalSection
EndGlobal
