
Microsoft Visual Studio Solution File, Format Version 12.00
# Visual Studio Version 17
VisualStudioVersion = 17.1.32414.318
MinimumVisualStudioVersion = 10.0.40219.1
Project("{9A19103F-16F7-4668-BE54-9A1E7A4F7556}") = "AssemblySystemWorkerService", "AssemblySystemWorkerService\AssemblySystemWorkerService.csproj", "{23261F30-37B7-44B1-B288-A222084955F1}"
EndProject
Project("{FAE04EC0-301F-11D3-BF4B-00C04F79EFBC}") = "AssemblySystemConsoleListener", "AssemblySystemConsoleListener\AssemblySystemConsoleListener.csproj", "{CFA6027B-B8A2-4A92-86E8-471C5D30F89B}"
EndProject
Global
	GlobalSection(SolutionConfigurationPlatforms) = preSolution
		Debug|Any CPU = Debug|Any CPU
		Release|Any CPU = Release|Any CPU
	EndGlobalSection
	GlobalSection(ProjectConfigurationPlatforms) = postSolution
		{23261F30-37B7-44B1-B288-A222084955F1}.Debug|Any CPU.ActiveCfg = Debug|Any CPU
		{23261F30-37B7-44B1-B288-A222084955F1}.Debug|Any CPU.Build.0 = Debug|Any CPU
		{23261F30-37B7-44B1-B288-A222084955F1}.Release|Any CPU.ActiveCfg = Release|Any CPU
		{23261F30-37B7-44B1-B288-A222084955F1}.Release|Any CPU.Build.0 = Release|Any CPU
		{CFA6027B-B8A2-4A92-86E8-471C5D30F89B}.Debug|Any CPU.ActiveCfg = Debug|Any CPU
		{CFA6027B-B8A2-4A92-86E8-471C5D30F89B}.Debug|Any CPU.Build.0 = Debug|Any CPU
		{CFA6027B-B8A2-4A92-86E8-471C5D30F89B}.Release|Any CPU.ActiveCfg = Release|Any CPU
		{CFA6027B-B8A2-4A92-86E8-471C5D30F89B}.Release|Any CPU.Build.0 = Release|Any CPU
	EndGlobalSection
	GlobalSection(SolutionProperties) = preSolution
		HideSolutionNode = FALSE
	EndGlobalSection
	GlobalSection(ExtensibilityGlobals) = postSolution
		SolutionGuid = {C033DD8E-F425-4CDA-B33F-D412B63C61E5}
	EndGlobalSection
EndGlobal
